<?xml version="1.0" encoding="utf-8"?>
<Project ToolsVersion="4.0" xmlns="http://schemas.microsoft.com/developer/msbuild/2003">
  <ItemGroup>
    <Filter Include="Source Files">
      <UniqueIdentifier>{4FC737F1-C7A5-4376-A066-2A32D752A2FF}</UniqueIdentifier>
      <Extensions>cpp;c;cc;cxx;c++;cppm;ixx;def;odl;idl;hpj;bat;asm;asmx</Extensions>
    </Filter>
    <Filter Include="Header Files">
      <UniqueIdentifier>{93995380-89BD-4b04-88EB-625FBE52EBFB}</UniqueIdentifier>
      <Extensions>h;hh;hpp;hxx;h++;hm;inl;inc;ipp;xsd</Extensions>
    </Filter>
    <Filter Include="Resource Files">
      <UniqueIdentifier>{67DA6AB6-F800-4c08-8B7A-83BB121AAD01}</UniqueIdentifier>
      <Extensions>rc;ico;cur;bmp;dlg;rc2;rct;bin;rgs;gif;jpg;jpeg;jpe;resx;tiff;tif;png;wav;mfcribbon-ms</Extensions>
    </Filter>
    <Filter Include="CompilerPrototype">
      <UniqueIdentifier>{1c266fb2-00a6-4557-8f67-00fc47b34601}</UniqueIdentifier>
    </Filter>
    <Filter Include="CompilerPrototype\Linker">
      <UniqueIdentifier>{d5e77891-c3f8-41b3-8e2e-dd7a62568868}</UniqueIdentifier>
    </Filter>
    <Filter Include="CompilerPrototype\CodeGenerator">
      <UniqueIdentifier>{1f8d5cdf-51bb-40ba-a6e3-30f7c53c5d60}</UniqueIdentifier>
    </Filter>
    <Filter Include="CompilerPrototype\IntermediateRepresentation">
      <UniqueIdentifier>{e7b3de13-2e43-408d-8914-41f09d4ead2c}</UniqueIdentifier>
    </Filter>
    <Filter Include="CompilerPrototype\AST">
      <UniqueIdentifier>{8cbb1af8-63e8-438e-ba51-8c66f92b017a}</UniqueIdentifier>
    </Filter>
    <Filter Include="CompilerPrototype\Lexer">
      <UniqueIdentifier>{da566508-ef74-4fa2-b8ee-966f0f1bc154}</UniqueIdentifier>
    </Filter>
    <Filter Include="CompilerPrototype\Optimizer">
      <UniqueIdentifier>{22b6fbd7-1dba-4c8d-be69-6622841b679b}</UniqueIdentifier>
    </Filter>
    <Filter Include="CompilerPrototype\Parser">
      <UniqueIdentifier>{53a22818-1bb0-4e3a-a3f3-0436e92107cf}</UniqueIdentifier>
    </Filter>
    <Filter Include="CompilerPrototype\SemanticAnalyzer">
      <UniqueIdentifier>{78721785-38b3-49a8-b062-11408fda15c3}</UniqueIdentifier>
    </Filter>
    <Filter Include="Source">
      <UniqueIdentifier>{f3b6358d-0a48-4797-be1b-cc742a984414}</UniqueIdentifier>
    </Filter>
  </ItemGroup>
  <ItemGroup>
    <ClCompile Include="Lexer\Lexer.cpp">
      <Filter>CompilerPrototype\Lexer</Filter>
    </ClCompile>
    <ClCompile Include="AST\ASTNode.cpp">
      <Filter>CompilerPrototype\AST</Filter>
    </ClCompile>
    <ClCompile Include="Parser\Parser.cpp">
      <Filter>CompilerPrototype\Parser</Filter>
    </ClCompile>
    <ClCompile Include="main.cpp">
      <Filter>CompilerPrototype</Filter>
    </ClCompile>
    <ClCompile Include="CodeGenerator\CodeGenerator.cpp">
      <Filter>CompilerPrototype\CodeGenerator</Filter>
    </ClCompile>
  </ItemGroup>
  <ItemGroup>
    <ClInclude Include="Lexer\Lexer.h">
      <Filter>CompilerPrototype\Lexer</Filter>
    </ClInclude>
    <ClInclude Include="AST\ASTNode.h">
      <Filter>CompilerPrototype\AST</Filter>
    </ClInclude>
    <ClInclude Include="Parser\Parser.h">
      <Filter>CompilerPrototype\Parser</Filter>
    </ClInclude>
    <ClInclude Include="Lexer\Token.h">
      <Filter>CompilerPrototype\Lexer</Filter>
    </ClInclude>
    <ClInclude Include="AST\AST.h">
      <Filter>CompilerPrototype\AST</Filter>
    </ClInclude>
    <ClInclude Include="CodeGenerator\CodeGenerator.h">
      <Filter>CompilerPrototype\CodeGenerator</Filter>
    </ClInclude>
  </ItemGroup>
  <ItemGroup>
    <None Include="..\Source\test.rise">
      <Filter>Source</Filter>
    </None>
  </ItemGroup>
</Project>